
Microsoft Visual Studio Solution File, Format Version 12.00
# Visual Studio 15
VisualStudioVersion = 15.0.28307.438
MinimumVisualStudioVersion = 10.0.40219.1
Project("{8BC9CEB8-8B4A-11D0-8D11-00A0C91BC942}") = "colorapi", "colorapi.vcxproj", "{4BF194CF-34A2-4503-880D-29660AB07182}"
EndProject
Global
	GlobalSection(SolutionConfigurationPlatforms) = preSolution
		Debug|x64 = Debug|x64
		Debug|x86 = Debug|x86
		Release|x64 = Release|x64
		Release|x86 = Release|x86
	EndGlobalSection
	GlobalSection(ProjectConfigurationPlatforms) = postSolution
		{4BF194CF-34A2-4503-880D-29660AB07182}.Debug|x64.ActiveCfg = Debug|x64
		{4BF194CF-34A2-4503-880D-29660AB07182}.Debug|x64.Build.0 = Debug|x64
		{4BF194CF-34A2-4503-880D-29660AB07182}.Debug|x86.ActiveCfg = Debug|Win32
		{4BF194CF-34A2-4503-880D-29660AB07182}.Debug|x86.Build.0 = Debug|Win32
		{4BF194CF-34A2-4503-880D-29660AB07182}.Release|x64.ActiveCfg = Release|x64
		{4BF194CF-34A2-4503-880D-29660AB07182}.Release|x64.Build.0 = Release|x64
		{4BF194CF-34A2-4503-880D-29660AB07182}.Release|x86.ActiveCfg = Release|x64
		{4BF194CF-34A2-4503-880D-29660AB07182}.Release|x86.Build.0 = Release|x64
	EndGlobalSection
	GlobalSection(SolutionProperties) = preSolution
		HideSolutionNode = FALSE
	EndGlobalSection
	GlobalSection(ExtensibilityGlobals) = postSolution
		SolutionGuid = {2DF85274-57D3-44F5-8790-6510BA4FFEEE}
	EndGlobalSection
	GlobalSection(TeamFoundationVersionControl) = preSolution
		SccNumberOfProjects = 2
		SccEnterpriseProvider = {4CA58AB2-18FA-4F8D-95D4-32DDF27D184C}
		SccTeamFoundationServer = https://ta-dev.visualstudio.com/
		SccLocalPath0 = .
		SccProjectUniqueName1 = colorapi.vcxproj
		SccLocalPath1 = .
	EndGlobalSection
EndGlobal
